
Microsoft Visual Studio Solution File, Format Version 12.00
# Visual Studio 15
VisualStudioVersion = 15.0.28307.421
MinimumVisualStudioVersion = 10.0.40219.1
Project("{FAE04EC0-301F-11D3-BF4B-00C04F79EFBC}") = "UnitTestexample", "UnitTestexample\UnitTestexample.csproj", "{5D96B8E6-373D-4789-9EDA-AB5A1A2BEA2E}"
EndProject
Project("{FAE04EC0-301F-11D3-BF4B-00C04F79EFBC}") = "ClassLibraryUnit", "ClassLibraryUnit\ClassLibraryUnit.csproj", "{7CFEBD8D-FAD3-427D-9136-D7CC43ABE6FC}"
EndProject
Global
	GlobalSection(SolutionConfigurationPlatforms) = preSolution
		Debug|Any CPU = Debug|Any CPU
		Release|Any CPU = Release|Any CPU
	EndGlobalSection
	GlobalSection(ProjectConfigurationPlatforms) = postSolution
		{5D96B8E6-373D-4789-9EDA-AB5A1A2BEA2E}.Debug|Any CPU.ActiveCfg = Debug|Any CPU
		{5D96B8E6-373D-4789-9EDA-AB5A1A2BEA2E}.Debug|Any CPU.Build.0 = Debug|Any CPU
		{5D96B8E6-373D-4789-9EDA-AB5A1A2BEA2E}.Release|Any CPU.ActiveCfg = Release|Any CPU
		{5D96B8E6-373D-4789-9EDA-AB5A1A2BEA2E}.Release|Any CPU.Build.0 = Release|Any CPU
		{7CFEBD8D-FAD3-427D-9136-D7CC43ABE6FC}.Debug|Any CPU.ActiveCfg = Debug|Any CPU
		{7CFEBD8D-FAD3-427D-9136-D7CC43ABE6FC}.Debug|Any CPU.Build.0 = Debug|Any CPU
		{7CFEBD8D-FAD3-427D-9136-D7CC43ABE6FC}.Release|Any CPU.ActiveCfg = Release|Any CPU
		{7CFEBD8D-FAD3-427D-9136-D7CC43ABE6FC}.Release|Any CPU.Build.0 = Release|Any CPU
	EndGlobalSection
	GlobalSection(SolutionProperties) = preSolution
		HideSolutionNode = FALSE
	EndGlobalSection
	GlobalSection(ExtensibilityGlobals) = postSolution
		SolutionGuid = {D87FC5AB-726E-4686-B7DE-C919422982D5}
	EndGlobalSection
EndGlobal
